<?xml version="1.0" encoding="utf-8"?>
<Project ToolsVersion="4.0" xmlns="http://schemas.microsoft.com/developer/msbuild/2003">
  <ItemGroup>
    <Filter Include="源文件">
      <UniqueIdentifier>{4FC737F1-C7A5-4376-A066-2A32D752A2FF}</UniqueIdentifier>
      <Extensions>cpp;c;cc;cxx;def;odl;idl;hpj;bat;asm;asmx</Extensions>
    </Filter>
    <Filter Include="头文件">
      <UniqueIdentifier>{93995380-89BD-4b04-88EB-625FBE52EBFB}</UniqueIdentifier>
      <Extensions>h;hh;hpp;hxx;hm;inl;inc;ipp;xsd</Extensions>
    </Filter>
    <Filter Include="资源文件">
      <UniqueIdentifier>{67DA6AB6-F800-4c08-8B7A-83BB121AAD01}</UniqueIdentifier>
      <Extensions>rc;ico;cur;bmp;dlg;rc2;rct;bin;rgs;gif;jpg;jpeg;jpe;resx;tiff;tif;png;wav;mfcribbon-ms</Extensions>
    </Filter>
  </ItemGroup>
  <ItemGroup>
    <ClInclude Include="StockDlg.h">
      <Filter>头文件</Filter>
    </ClInclude>
    <ClInclude Include="stdafx.h">
      <Filter>头文件</Filter>
    </ClInclude>
    <ClInclude Include="targetver.h">
      <Filter>头文件</Filter>
    </ClInclude>
    <ClInclude Include="Resource.h">
      <Filter>头文件</Filter>
    </ClInclude>
    <ClInclude Include="DataBaseMgr.h">
      <Filter>头文件</Filter>
    </ClInclude>
    <ClInclude Include="Stock.h">
      <Filter>头文件</Filter>
    </ClInclude>
    <ClInclude Include="ConfPanel.h">
      <Filter>头文件</Filter>
    </ClInclude>
    <ClInclude Include="SearchPanel.h">
      <Filter>头文件</Filter>
    </ClInclude>
    <ClInclude Include="HS-Charting\ChartAxis.h">
      <Filter>头文件</Filter>
    </ClInclude>
    <ClInclude Include="HS-Charting\ChartAxisLabel.h">
      <Filter>头文件</Filter>
    </ClInclude>
    <ClInclude Include="HS-Charting\ChartBalloonLabel.h">
      <Filter>头文件</Filter>
    </ClInclude>
    <ClInclude Include="HS-Charting\ChartBarSerie.h">
      <Filter>头文件</Filter>
    </ClInclude>
    <ClInclude Include="HS-Charting\ChartCandlestickSerie.h">
      <Filter>头文件</Filter>
    </ClInclude>
    <ClInclude Include="HS-Charting\ChartCrossHairCursor.h">
      <Filter>头文件</Filter>
    </ClInclude>
    <ClInclude Include="HS-Charting\ChartCtrl.h">
      <Filter>头文件</Filter>
    </ClInclude>
    <ClInclude Include="HS-Charting\ChartCursor.h">
      <Filter>头文件</Filter>
    </ClInclude>
    <ClInclude Include="HS-Charting\ChartDateTimeAxis.h">
      <Filter>头文件</Filter>
    </ClInclude>
    <ClInclude Include="HS-Charting\ChartDragLineCursor.h">
      <Filter>头文件</Filter>
    </ClInclude>
    <ClInclude Include="HS-Charting\ChartFont.h">
      <Filter>头文件</Filter>
    </ClInclude>
    <ClInclude Include="HS-Charting\ChartGanttSerie.h">
      <Filter>头文件</Filter>
    </ClInclude>
    <ClInclude Include="HS-Charting\ChartGradient.h">
      <Filter>头文件</Filter>
    </ClInclude>
    <ClInclude Include="HS-Charting\ChartGrid.h">
      <Filter>头文件</Filter>
    </ClInclude>
    <ClInclude Include="HS-Charting\ChartLabel.h">
      <Filter>头文件</Filter>
    </ClInclude>
    <ClInclude Include="HS-Charting\ChartLegend.h">
      <Filter>头文件</Filter>
    </ClInclude>
    <ClInclude Include="HS-Charting\ChartLineSerie.h">
      <Filter>头文件</Filter>
    </ClInclude>
    <ClInclude Include="HS-Charting\ChartLogarithmicAxis.h">
      <Filter>头文件</Filter>
    </ClInclude>
    <ClInclude Include="HS-Charting\ChartMouseListener.h">
      <Filter>头文件</Filter>
    </ClInclude>
    <ClInclude Include="HS-Charting\ChartPointsArray.h">
      <Filter>头文件</Filter>
    </ClInclude>
    <ClInclude Include="HS-Charting\ChartPointsSerie.h">
      <Filter>头文件</Filter>
    </ClInclude>
    <ClInclude Include="HS-Charting\ChartScrollBar.h">
      <Filter>头文件</Filter>
    </ClInclude>
    <ClInclude Include="HS-Charting\ChartSerie.h">
      <Filter>头文件</Filter>
    </ClInclude>
    <ClInclude Include="HS-Charting\ChartSerieBase.h">
      <Filter>头文件</Filter>
    </ClInclude>
    <ClInclude Include="HS-Charting\ChartSeriesMouseListener.h">
      <Filter>头文件</Filter>
    </ClInclude>
    <ClInclude Include="HS-Charting\ChartStandardAxis.h">
      <Filter>头文件</Filter>
    </ClInclude>
    <ClInclude Include="HS-Charting\ChartString.h">
      <Filter>头文件</Filter>
    </ClInclude>
    <ClInclude Include="HS-Charting\ChartSurfaceSerie.h">
      <Filter>头文件</Filter>
    </ClInclude>
    <ClInclude Include="HS-Charting\ChartTitle.h">
      <Filter>头文件</Filter>
    </ClInclude>
    <ClInclude Include="HS-Charting\ChartXYSerie.h">
      <Filter>头文件</Filter>
    </ClInclude>
    <ClInclude Include="HS-Charting\PointsOrdering.h">
      <Filter>头文件</Filter>
    </ClInclude>
    <ClInclude Include="DataPanel.h">
      <Filter>头文件</Filter>
    </ClInclude>
    <ClInclude Include="Foresee.h">
      <Filter>头文件</Filter>
    </ClInclude>
  </ItemGroup>
  <ItemGroup>
    <ClCompile Include="Stock.cpp">
      <Filter>源文件</Filter>
    </ClCompile>
    <ClCompile Include="StockDlg.cpp">
      <Filter>源文件</Filter>
    </ClCompile>
    <ClCompile Include="stdafx.cpp">
      <Filter>源文件</Filter>
    </ClCompile>
    <ClCompile Include="DataBaseMgr.cpp">
      <Filter>源文件</Filter>
    </ClCompile>
    <ClCompile Include="ConfPanel.cpp">
      <Filter>源文件</Filter>
    </ClCompile>
    <ClCompile Include="SearchPanel.cpp">
      <Filter>源文件</Filter>
    </ClCompile>
    <ClCompile Include="HS-Charting\ChartAxis.cpp">
      <Filter>源文件</Filter>
    </ClCompile>
    <ClCompile Include="HS-Charting\ChartAxisLabel.cpp">
      <Filter>源文件</Filter>
    </ClCompile>
    <ClCompile Include="HS-Charting\ChartBarSerie.cpp">
      <Filter>源文件</Filter>
    </ClCompile>
    <ClCompile Include="HS-Charting\ChartCandlestickSerie.cpp">
      <Filter>源文件</Filter>
    </ClCompile>
    <ClCompile Include="HS-Charting\ChartCrossHairCursor.cpp">
      <Filter>源文件</Filter>
    </ClCompile>
    <ClCompile Include="HS-Charting\ChartCtrl.cpp">
      <Filter>源文件</Filter>
    </ClCompile>
    <ClCompile Include="HS-Charting\ChartCursor.cpp">
      <Filter>源文件</Filter>
    </ClCompile>
    <ClCompile Include="HS-Charting\ChartDateTimeAxis.cpp">
      <Filter>源文件</Filter>
    </ClCompile>
    <ClCompile Include="HS-Charting\ChartDragLineCursor.cpp">
      <Filter>源文件</Filter>
    </ClCompile>
    <ClCompile Include="HS-Charting\ChartFont.cpp">
      <Filter>源文件</Filter>
    </ClCompile>
    <ClCompile Include="HS-Charting\ChartGanttSerie.cpp">
      <Filter>源文件</Filter>
    </ClCompile>
    <ClCompile Include="HS-Charting\ChartGradient.cpp">
      <Filter>源文件</Filter>
    </ClCompile>
    <ClCompile Include="HS-Charting\ChartGrid.cpp">
      <Filter>源文件</Filter>
    </ClCompile>
    <ClCompile Include="HS-Charting\ChartLegend.cpp">
      <Filter>源文件</Filter>
    </ClCompile>
    <ClCompile Include="HS-Charting\ChartLineSerie.cpp">
      <Filter>源文件</Filter>
    </ClCompile>
    <ClCompile Include="HS-Charting\ChartLogarithmicAxis.cpp">
      <Filter>源文件</Filter>
    </ClCompile>
    <ClCompile Include="HS-Charting\ChartPointsSerie.cpp">
      <Filter>源文件</Filter>
    </ClCompile>
    <ClCompile Include="HS-Charting\ChartScrollBar.cpp">
      <Filter>源文件</Filter>
    </ClCompile>
    <ClCompile Include="HS-Charting\ChartSerie.cpp">
      <Filter>源文件</Filter>
    </ClCompile>
    <ClCompile Include="HS-Charting\ChartStandardAxis.cpp">
      <Filter>源文件</Filter>
    </ClCompile>
    <ClCompile Include="HS-Charting\ChartSurfaceSerie.cpp">
      <Filter>源文件</Filter>
    </ClCompile>
    <ClCompile Include="HS-Charting\ChartTitle.cpp">
      <Filter>源文件</Filter>
    </ClCompile>
    <ClCompile Include="HS-Charting\ChartXYSerie.cpp">
      <Filter>源文件</Filter>
    </ClCompile>
    <ClCompile Include="DataPanel.cpp">
      <Filter>源文件</Filter>
    </ClCompile>
    <ClCompile Include="Foresee.cpp">
      <Filter>源文件</Filter>
    </ClCompile>
  </ItemGroup>
  <ItemGroup>
    <ResourceCompile Include="Stock.rc">
      <Filter>资源文件</Filter>
    </ResourceCompile>
  </ItemGroup>
  <ItemGroup>
    <None Include="res\Stock.rc2">
      <Filter>资源文件</Filter>
    </None>
    <None Include="HS-Charting\ChartBalloonLabel.inl">
      <Filter>头文件</Filter>
    </None>
    <None Include="HS-Charting\ChartLabel.inl">
      <Filter>头文件</Filter>
    </None>
    <None Include="HS-Charting\ChartPointsArray.inl">
      <Filter>头文件</Filter>
    </None>
    <None Include="HS-Charting\ChartSerieBase.inl">
      <Filter>头文件</Filter>
    </None>
  </ItemGroup>
  <ItemGroup>
    <Image Include="res\Stock.ico">
      <Filter>资源文件</Filter>
    </Image>
    <Image Include="res\icon2.ico">
      <Filter>资源文件</Filter>
    </Image>
    <Image Include="res\ooopic_1556672383.ico">
      <Filter>资源文件</Filter>
    </Image>
  </ItemGroup>
</Project>